<?xml version="1.0" encoding="utf-8"?>
<Project ToolsVersion="4.0" xmlns="http://schemas.microsoft.com/developer/msbuild/2003">
  <ItemGroup>
    <Filter Include="vtx">
      <UniqueIdentifier>{67DA6AB6-F800-4c08-8B7A-83BB121AAD01}</UniqueIdentifier>
      <Extensions>rc;ico;cur;bmp;dlg;rc2;rct;bin;rgs;gif;jpg;jpeg;jpe;resx;tiff;tif;png;wav;mfcribbon-ms</Extensions>
    </Filter>
    <Filter Include="Source">
      <UniqueIdentifier>{4FC737F1-C7A5-4376-A066-2A32D752A2FF}</UniqueIdentifier>
      <Extensions>cpp;c;cc;cxx;def;odl;idl;hpj;bat;asm;asmx</Extensions>
    </Filter>
  </ItemGroup>
  <ItemGroup>
    <ClCompile Include="App.cpp">
      <Filter>vtx</Filter>
    </ClCompile>
    <ClCompile Include="Input.cpp">
      <Filter>vtx</Filter>
    </ClCompile>
    <ClCompile Include="Math.cpp">
      <Filter>vtx</Filter>
    </ClCompile>
    <ClCompile Include="Render.cpp">
      <Filter>vtx</Filter>
    </ClCompile>
    <ClCompile Include="Resource.cpp">
      <Filter>vtx</Filter>
    </ClCompile>
    <ClCompile Include="vtx.cpp">
      <Filter>vtx</Filter>
    </ClCompile>
    <ClCompile Include="Main.cpp">
      <Filter>Source</Filter>
    </ClCompile>
    <ClCompile Include="Ball.cpp">
      <Filter>Source</Filter>
    </ClCompile>
    <ClCompile Include="Player.cpp">
      <Filter>Source</Filter>
    </ClCompile>
    <ClCompile Include="Stage.cpp">
      <Filter>Source</Filter>
    </ClCompile>
    <ClCompile Include="2Player.cpp">
      <Filter>Source</Filter>
    </ClCompile>
    <ClCompile Include="Bar.cpp">
      <Filter>Source</Filter>
    </ClCompile>
  </ItemGroup>
  <ItemGroup>
    <ClInclude Include="App.h">
      <Filter>vtx</Filter>
    </ClInclude>
    <ClInclude Include="Input.h">
      <Filter>vtx</Filter>
    </ClInclude>
    <ClInclude Include="Math.h">
      <Filter>vtx</Filter>
    </ClInclude>
    <ClInclude Include="Render.h">
      <Filter>vtx</Filter>
    </ClInclude>
    <ClInclude Include="Resource.h">
      <Filter>vtx</Filter>
    </ClInclude>
    <ClInclude Include="vtx.h">
      <Filter>vtx</Filter>
    </ClInclude>
    <ClInclude Include="Ball.h">
      <Filter>Source</Filter>
    </ClInclude>
    <ClInclude Include="Player.h">
      <Filter>Source</Filter>
    </ClInclude>
    <ClInclude Include="Stage.h">
      <Filter>Source</Filter>
    </ClInclude>
    <ClInclude Include="2Player.h">
      <Filter>Source</Filter>
    </ClInclude>
    <ClInclude Include="Bar.h">
      <Filter>Source</Filter>
    </ClInclude>
  </ItemGroup>
</Project>